
Microsoft Visual Studio Solution File, Format Version 12.00
# Visual Studio Version 17
VisualStudioVersion = 17.10.35027.167
MinimumVisualStudioVersion = 10.0.40219.1
Project("{FAE04EC0-301F-11D3-BF4B-00C04F79EFBC}") = "Practices", "Practices.csproj", "{B1A81E88-0892-4C10-B97F-110BAAB54B5A}"
EndProject
Project("{FAE04EC0-301F-11D3-BF4B-00C04F79EFBC}") = "Practices.Tests", "Practices.Tests\Practices.Tests.csproj", "{DE684A9F-0AB8-4F5E-9323-8596EB8FF955}"
EndProject
Global
	GlobalSection(SolutionConfigurationPlatforms) = preSolution
		Debug|Any CPU = Debug|Any CPU
		Release|Any CPU = Release|Any CPU
	EndGlobalSection
	GlobalSection(ProjectConfigurationPlatforms) = postSolution
		{B1A81E88-0892-4C10-B97F-110BAAB54B5A}.Debug|Any CPU.ActiveCfg = Debug|Any CPU
		{B1A81E88-0892-4C10-B97F-110BAAB54B5A}.Debug|Any CPU.Build.0 = Debug|Any CPU
		{B1A81E88-0892-4C10-B97F-110BAAB54B5A}.Release|Any CPU.ActiveCfg = Release|Any CPU
		{B1A81E88-0892-4C10-B97F-110BAAB54B5A}.Release|Any CPU.Build.0 = Release|Any CPU
		{DE684A9F-0AB8-4F5E-9323-8596EB8FF955}.Debug|Any CPU.ActiveCfg = Debug|Any CPU
		{DE684A9F-0AB8-4F5E-9323-8596EB8FF955}.Debug|Any CPU.Build.0 = Debug|Any CPU
		{DE684A9F-0AB8-4F5E-9323-8596EB8FF955}.Release|Any CPU.ActiveCfg = Release|Any CPU
		{DE684A9F-0AB8-4F5E-9323-8596EB8FF955}.Release|Any CPU.Build.0 = Release|Any CPU
	EndGlobalSection
	GlobalSection(SolutionProperties) = preSolution
		HideSolutionNode = FALSE
	EndGlobalSection
	GlobalSection(ExtensibilityGlobals) = postSolution
		SolutionGuid = {52BF7682-986C-4A51-AC29-022A546A16EA}
	EndGlobalSection
EndGlobal
